{
  "name": "jinyufeili-web",
  "version": "0.1.0",
  "lockfileVersion": 1,
  "requires": true,
  "dependencies": {
    "angular-google-analytics": {
      "version": "1.1.8",
      "resolved": "https://registry.npmjs.org/angular-google-analytics/-/angular-google-analytics-1.1.8.tgz",
      "integrity": "sha1-5JeSbA93zW7sDAy98LIOWJOM+KA="
    },
    "sprintf-js": {
      "version": "http://npm.zhenguanyu.com/sprintf-js/download/sprintf-js-1.0.3.tgz",
      "integrity": "sha1-BOaSb2YolTVPPdAVIDYzuFcpfiw="
    }
  }
}
