# THIS IS AN AUTOGENERATED FILE. DO NOT EDIT THIS FILE DIRECTLY.
# yarn lockfile v1


angular-google-analytics@^1.1.7:
  version "1.1.7"
  resolved "https://registry.yarnpkg.com/angular-google-analytics/-/angular-google-analytics-1.1.7.tgz#604da5741b088bf1fdc194aa01eeecedba3b5213"

sprintf-js@^1.0.3:
  version "1.0.3"
  resolved "https://registry.yarnpkg.com/sprintf-js/-/sprintf-js-1.0.3.tgz#04e6926f662895354f3dd015203633b857297e2c"
